<?xml version="1.0" encoding="utf-8"?>
<Project ToolsVersion="4.0" xmlns="http://schemas.microsoft.com/developer/msbuild/2003">
  <ItemGroup>
    <Filter Include="Source Files">
      <UniqueIdentifier>{4FC737F1-C7A5-4376-A066-2A32D752A2FF}</UniqueIdentifier>
      <Extensions>cpp;c;cc;cxx;def;odl;idl;hpj;bat;asm;asmx</Extensions>
    </Filter>
    <Filter Include="Header Files">
      <UniqueIdentifier>{93995380-89BD-4b04-88EB-625FBE52EBFB}</UniqueIdentifier>
      <Extensions>h;hh;hpp;hxx;hm;inl;inc;xsd</Extensions>
    </Filter>
    <Filter Include="Resource Files">
      <UniqueIdentifier>{67DA6AB6-F800-4c08-8B7A-83BB121AAD01}</UniqueIdentifier>
      <Extensions>rc;ico;cur;bmp;dlg;rc2;rct;bin;rgs;gif;jpg;jpeg;jpe;resx;tiff;tif;png;wav;mfcribbon-ms</Extensions>
    </Filter>
    <Filter Include="Header Files\Components">
      <UniqueIdentifier>{f4131d49-5290-4038-8714-00629775389c}</UniqueIdentifier>
    </Filter>
    <Filter Include="Header Files\Components\Collisions">
      <UniqueIdentifier>{8d109b3b-0849-4d41-b896-86d7b4a77b33}</UniqueIdentifier>
    </Filter>
    <Filter Include="Header Files\Components\Core">
      <UniqueIdentifier>{79ad597d-2f6a-427c-84a3-9f9a8d0992e8}</UniqueIdentifier>
    </Filter>
    <Filter Include="Header Files\Spawner">
      <UniqueIdentifier>{873c820d-07dc-4ef2-a1b3-772e9e682330}</UniqueIdentifier>
    </Filter>
    <Filter Include="Source Files\Components">
      <UniqueIdentifier>{307147bd-0ecf-49cc-86b8-28574f861cef}</UniqueIdentifier>
    </Filter>
    <Filter Include="Source Files\Spawner">
      <UniqueIdentifier>{97fe16d6-768f-415d-a1df-4acafb22e349}</UniqueIdentifier>
    </Filter>
    <Filter Include="Header Files\Solvers">
      <UniqueIdentifier>{5441bbaf-53ce-488c-8dcc-abcf0f5ac6e9}</UniqueIdentifier>
    </Filter>
    <Filter Include="Header Files\Components\Dynamic">
      <UniqueIdentifier>{dc048353-4021-4d40-b64e-fed6b4807ffa}</UniqueIdentifier>
    </Filter>
    <Filter Include="Source Files\Components\Dynamic">
      <UniqueIdentifier>{70dbf82b-374b-4d84-bcfa-11e4d6f30ca9}</UniqueIdentifier>
    </Filter>
    <Filter Include="Source Files\Components\Collisions">
      <UniqueIdentifier>{7c9af838-978c-4bca-a756-398b637bca99}</UniqueIdentifier>
    </Filter>
    <Filter Include="Source Files\Solvers">
      <UniqueIdentifier>{7d1f09af-3d0c-4250-a10a-068bc5fe06a5}</UniqueIdentifier>
    </Filter>
    <Filter Include="Source Files\Components\Core">
      <UniqueIdentifier>{b1223e63-4f12-4797-b445-b6d1cbc2a16e}</UniqueIdentifier>
    </Filter>
    <Filter Include="Source Files\Components\Scripts">
      <UniqueIdentifier>{80c1002e-81b7-4f62-930c-0791e4869b2e}</UniqueIdentifier>
    </Filter>
    <Filter Include="Header Files\Components\Scripts">
      <UniqueIdentifier>{ca31a59f-6c65-49c5-b195-e1714a167290}</UniqueIdentifier>
    </Filter>
  </ItemGroup>
  <ItemGroup>
    <ClCompile Include="source\main.cpp">
      <Filter>Source Files</Filter>
    </ClCompile>
    <ClCompile Include="source\Application2D.cpp">
      <Filter>Source Files</Filter>
    </ClCompile>
    <ClCompile Include="source\GameObject.cpp">
      <Filter>Source Files</Filter>
    </ClCompile>
    <ClCompile Include="source\TestSpawner.cpp">
      <Filter>Source Files\Spawner</Filter>
    </ClCompile>
    <ClCompile Include="source\Director.cpp">
      <Filter>Source Files\Spawner</Filter>
    </ClCompile>
    <ClCompile Include="source\FiniteStateMachine.cpp">
      <Filter>Source Files</Filter>
    </ClCompile>
    <ClCompile Include="source\CollisionEngine.cpp">
      <Filter>Source Files\Solvers</Filter>
    </ClCompile>
    <ClCompile Include="source\Transform.cpp">
      <Filter>Source Files</Filter>
    </ClCompile>
    <ClCompile Include="source\Box.cpp">
      <Filter>Source Files\Components\Collisions</Filter>
    </ClCompile>
    <ClCompile Include="source\Circle.cpp">
      <Filter>Source Files\Components\Collisions</Filter>
    </ClCompile>
    <ClCompile Include="source\Polygon.cpp">
      <Filter>Source Files\Components\Collisions</Filter>
    </ClCompile>
    <ClCompile Include="source\Renderer.cpp">
      <Filter>Source Files\Components\Core</Filter>
    </ClCompile>
    <ClCompile Include="source\Entity.cpp">
      <Filter>Source Files\Components\Dynamic</Filter>
    </ClCompile>
  </ItemGroup>
  <ItemGroup>
    <ClInclude Include="source\Application2D.h">
      <Filter>Header Files</Filter>
    </ClInclude>
    <ClInclude Include="source\MathsLibrary.h">
      <Filter>Header Files</Filter>
    </ClInclude>
    <ClInclude Include="source\GameObject.h">
      <Filter>Header Files</Filter>
    </ClInclude>
    <ClInclude Include="source\Component.h">
      <Filter>Header Files\Components</Filter>
    </ClInclude>
    <ClInclude Include="source\Transform.h">
      <Filter>Header Files\Components\Core</Filter>
    </ClInclude>
    <ClInclude Include="source\Renderer.h">
      <Filter>Header Files\Components\Core</Filter>
    </ClInclude>
    <ClInclude Include="source\Shape.h">
      <Filter>Header Files\Components\Collisions</Filter>
    </ClInclude>
    <ClInclude Include="source\Box.h">
      <Filter>Header Files\Components\Collisions</Filter>
    </ClInclude>
    <ClInclude Include="source\Spawner.h">
      <Filter>Header Files\Spawner</Filter>
    </ClInclude>
    <ClInclude Include="source\TestSpawner.h">
      <Filter>Header Files\Spawner</Filter>
    </ClInclude>
    <ClInclude Include="source\Director.h">
      <Filter>Header Files\Spawner</Filter>
    </ClInclude>
    <ClInclude Include="source\Circle.h">
      <Filter>Header Files\Components\Collisions</Filter>
    </ClInclude>
    <ClInclude Include="source\Polygon.h">
      <Filter>Header Files\Components\Collisions</Filter>
    </ClInclude>
    <ClInclude Include="source\Graph.h">
      <Filter>Header Files</Filter>
    </ClInclude>
    <ClInclude Include="source\FiniteStateMachine.h">
      <Filter>Header Files</Filter>
    </ClInclude>
    <ClInclude Include="source\CollisionEngine.h">
      <Filter>Header Files\Solvers</Filter>
    </ClInclude>
    <ClInclude Include="source\Entity.h">
      <Filter>Header Files\Components\Dynamic</Filter>
    </ClInclude>
    <ClInclude Include="source\Script.h">
      <Filter>Header Files\Components\Scripts</Filter>
    </ClInclude>
  </ItemGroup>
  <ItemGroup>
    <None Include="ClassDiagram.cd" />
  </ItemGroup>
</Project>